
Microsoft Visual Studio Solution File, Format Version 12.00
Project("{FAE04EC0-301F-11D3-BF4B-00C04F79EFBC}") = "ClientWebApplication", "ClientWebApplication\ClientWebApplication.csproj", "{1AF170D3-CBA8-484E-AEE9-AB009C5A2998}"
EndProject
Project("{FAE04EC0-301F-11D3-BF4B-00C04F79EFBC}") = "Client.Contracts", "Client.Contracts\Client.Contracts.csproj", "{B4B1011C-C7C4-4E5A-88AB-BA4995EB9731}"
EndProject
Project("{FAE04EC0-301F-11D3-BF4B-00C04F79EFBC}") = "Client.Services", "Client.Services\Client.Services.csproj", "{1653175B-5308-4478-96DA-8A2614509128}"
EndProject
Project("{FAE04EC0-301F-11D3-BF4B-00C04F79EFBC}") = "Client.Repositoryes", "Client.Repositoryes\Client.Repositoryes.csproj", "{BF9036B5-317F-4116-83A2-BEC8155F182D}"
EndProject
Global
	GlobalSection(SolutionConfigurationPlatforms) = preSolution
		Debug|Any CPU = Debug|Any CPU
		Release|Any CPU = Release|Any CPU
	EndGlobalSection
	GlobalSection(ProjectConfigurationPlatforms) = postSolution
		{1AF170D3-CBA8-484E-AEE9-AB009C5A2998}.Debug|Any CPU.ActiveCfg = Debug|Any CPU
		{1AF170D3-CBA8-484E-AEE9-AB009C5A2998}.Debug|Any CPU.Build.0 = Debug|Any CPU
		{1AF170D3-CBA8-484E-AEE9-AB009C5A2998}.Release|Any CPU.ActiveCfg = Release|Any CPU
		{1AF170D3-CBA8-484E-AEE9-AB009C5A2998}.Release|Any CPU.Build.0 = Release|Any CPU
		{B4B1011C-C7C4-4E5A-88AB-BA4995EB9731}.Debug|Any CPU.ActiveCfg = Debug|Any CPU
		{B4B1011C-C7C4-4E5A-88AB-BA4995EB9731}.Debug|Any CPU.Build.0 = Debug|Any CPU
		{B4B1011C-C7C4-4E5A-88AB-BA4995EB9731}.Release|Any CPU.ActiveCfg = Release|Any CPU
		{B4B1011C-C7C4-4E5A-88AB-BA4995EB9731}.Release|Any CPU.Build.0 = Release|Any CPU
		{1653175B-5308-4478-96DA-8A2614509128}.Debug|Any CPU.ActiveCfg = Debug|Any CPU
		{1653175B-5308-4478-96DA-8A2614509128}.Debug|Any CPU.Build.0 = Debug|Any CPU
		{1653175B-5308-4478-96DA-8A2614509128}.Release|Any CPU.ActiveCfg = Release|Any CPU
		{1653175B-5308-4478-96DA-8A2614509128}.Release|Any CPU.Build.0 = Release|Any CPU
		{BF9036B5-317F-4116-83A2-BEC8155F182D}.Debug|Any CPU.ActiveCfg = Debug|Any CPU
		{BF9036B5-317F-4116-83A2-BEC8155F182D}.Debug|Any CPU.Build.0 = Debug|Any CPU
		{BF9036B5-317F-4116-83A2-BEC8155F182D}.Release|Any CPU.ActiveCfg = Release|Any CPU
		{BF9036B5-317F-4116-83A2-BEC8155F182D}.Release|Any CPU.Build.0 = Release|Any CPU
	EndGlobalSection
EndGlobal
